
Microsoft Visual Studio Solution File, Format Version 12.00
# Visual Studio Version 17
VisualStudioVersion = 17.10.35122.118
MinimumVisualStudioVersion = 10.0.40219.1
Project("{9A19103F-16F7-4668-BE54-9A1E7A4F7556}") = "NH_Sys_Api", "NH_System\NH_Sys_Api.csproj", "{EC7F3A2F-7525-46E3-AEEF-5269F4350694}"
EndProject
Project("{FAE04EC0-301F-11D3-BF4B-00C04F79EFBC}") = "NH_Sys_Domain", "NH_Sys_Domain\NH_Sys_Domain.csproj", "{F50BDED7-5373-472D-8316-D9C7AC91E8C4}"
EndProject
Project("{FAE04EC0-301F-11D3-BF4B-00C04F79EFBC}") = "NH_Sys_Application", "NH_Sys_Application\NH_Sys_Application.csproj", "{38007F03-F1BA-4885-AE36-AF757B4B100B}"
EndProject
Project("{FAE04EC0-301F-11D3-BF4B-00C04F79EFBC}") = "NH_Sys_Infrastructure", "NH_Sys_Infrastructure\NH_Sys_Infrastructure.csproj", "{3A389552-B07E-4012-A3C2-EED3D958A5F0}"
EndProject
Project("{FAE04EC0-301F-11D3-BF4B-00C04F79EFBC}") = "NH_Sys_Tests", "NH_Sys_Tests\NH_Sys_Tests.csproj", "{2FDAB6C1-4EB5-41A4-A857-689C9462FCDD}"
EndProject
Global
	GlobalSection(SolutionConfigurationPlatforms) = preSolution
		Debug|Any CPU = Debug|Any CPU
		Release|Any CPU = Release|Any CPU
	EndGlobalSection
	GlobalSection(ProjectConfigurationPlatforms) = postSolution
		{EC7F3A2F-7525-46E3-AEEF-5269F4350694}.Debug|Any CPU.ActiveCfg = Debug|Any CPU
		{EC7F3A2F-7525-46E3-AEEF-5269F4350694}.Debug|Any CPU.Build.0 = Debug|Any CPU
		{EC7F3A2F-7525-46E3-AEEF-5269F4350694}.Release|Any CPU.ActiveCfg = Release|Any CPU
		{EC7F3A2F-7525-46E3-AEEF-5269F4350694}.Release|Any CPU.Build.0 = Release|Any CPU
		{F50BDED7-5373-472D-8316-D9C7AC91E8C4}.Debug|Any CPU.ActiveCfg = Debug|Any CPU
		{F50BDED7-5373-472D-8316-D9C7AC91E8C4}.Debug|Any CPU.Build.0 = Debug|Any CPU
		{F50BDED7-5373-472D-8316-D9C7AC91E8C4}.Release|Any CPU.ActiveCfg = Release|Any CPU
		{F50BDED7-5373-472D-8316-D9C7AC91E8C4}.Release|Any CPU.Build.0 = Release|Any CPU
		{38007F03-F1BA-4885-AE36-AF757B4B100B}.Debug|Any CPU.ActiveCfg = Debug|Any CPU
		{38007F03-F1BA-4885-AE36-AF757B4B100B}.Debug|Any CPU.Build.0 = Debug|Any CPU
		{38007F03-F1BA-4885-AE36-AF757B4B100B}.Release|Any CPU.ActiveCfg = Release|Any CPU
		{38007F03-F1BA-4885-AE36-AF757B4B100B}.Release|Any CPU.Build.0 = Release|Any CPU
		{3A389552-B07E-4012-A3C2-EED3D958A5F0}.Debug|Any CPU.ActiveCfg = Debug|Any CPU
		{3A389552-B07E-4012-A3C2-EED3D958A5F0}.Debug|Any CPU.Build.0 = Debug|Any CPU
		{3A389552-B07E-4012-A3C2-EED3D958A5F0}.Release|Any CPU.ActiveCfg = Release|Any CPU
		{3A389552-B07E-4012-A3C2-EED3D958A5F0}.Release|Any CPU.Build.0 = Release|Any CPU
		{2FDAB6C1-4EB5-41A4-A857-689C9462FCDD}.Debug|Any CPU.ActiveCfg = Debug|Any CPU
		{2FDAB6C1-4EB5-41A4-A857-689C9462FCDD}.Debug|Any CPU.Build.0 = Debug|Any CPU
		{2FDAB6C1-4EB5-41A4-A857-689C9462FCDD}.Release|Any CPU.ActiveCfg = Release|Any CPU
		{2FDAB6C1-4EB5-41A4-A857-689C9462FCDD}.Release|Any CPU.Build.0 = Release|Any CPU
	EndGlobalSection
	GlobalSection(SolutionProperties) = preSolution
		HideSolutionNode = FALSE
	EndGlobalSection
	GlobalSection(ExtensibilityGlobals) = postSolution
		SolutionGuid = {DEB16AFD-B0B5-4D85-811C-9913E98D0643}
	EndGlobalSection
EndGlobal
